
Microsoft Visual Studio Solution File, Format Version 12.00
# Visual Studio Version 17
VisualStudioVersion = 17.14.36301.6 d17.14
MinimumVisualStudioVersion = 10.0.40219.1
Project("{FAE04EC0-301F-11D3-BF4B-00C04F79EFBC}") = "Wasm8DunpTest", "Wasm8DunpTest.csproj", "{58250437-A99A-4DC7-99AA-A24CFE6D1ED1}"
EndProject
Global
	GlobalSection(SolutionConfigurationPlatforms) = preSolution
		Debug|Any CPU = Debug|Any CPU
		Release|Any CPU = Release|Any CPU
	EndGlobalSection
	GlobalSection(ProjectConfigurationPlatforms) = postSolution
		{58250437-A99A-4DC7-99AA-A24CFE6D1ED1}.Debug|Any CPU.ActiveCfg = Debug|Any CPU
		{58250437-A99A-4DC7-99AA-A24CFE6D1ED1}.Debug|Any CPU.Build.0 = Debug|Any CPU
		{58250437-A99A-4DC7-99AA-A24CFE6D1ED1}.Release|Any CPU.ActiveCfg = Release|Any CPU
		{58250437-A99A-4DC7-99AA-A24CFE6D1ED1}.Release|Any CPU.Build.0 = Release|Any CPU
	EndGlobalSection
	GlobalSection(SolutionProperties) = preSolution
		HideSolutionNode = FALSE
	EndGlobalSection
	GlobalSection(ExtensibilityGlobals) = postSolution
		SolutionGuid = {1E1B67FE-3443-4A39-83AF-D7008F11303A}
	EndGlobalSection
EndGlobal
